
Microsoft Visual Studio Solution File, Format Version 12.00
# Visual Studio Version 17
VisualStudioVersion = 17.10.35027.167
MinimumVisualStudioVersion = 10.0.40219.1
Project("{FAE04EC0-301F-11D3-BF4B-00C04F79EFBC}") = "SistemaVenta.Entity", "SistemaVenta.Entity\SistemaVenta.Entity.csproj", "{1791D59D-924B-4848-8089-4560B99AE380}"
EndProject
Project("{FAE04EC0-301F-11D3-BF4B-00C04F79EFBC}") = "SistemaVenta.DAL", "SistemaVenta.DAL\SistemaVenta.DAL.csproj", "{2AB73145-3A4D-4EFE-8B82-E95C0DC1D975}"
EndProject
Project("{FAE04EC0-301F-11D3-BF4B-00C04F79EFBC}") = "SistemaVenta.BLL", "SistemaVenta.BLL\SistemaVenta.BLL.csproj", "{107A4E2F-22DF-4C5A-89A5-72C4E1A436AF}"
EndProject
Project("{FAE04EC0-301F-11D3-BF4B-00C04F79EFBC}") = "SistemaVenta.IOC", "SistemaVenta.IOC\SistemaVenta.IOC.csproj", "{0A42987F-B70F-4A2D-87FD-8BA6DC6B1DFE}"
EndProject
Project("{FAE04EC0-301F-11D3-BF4B-00C04F79EFBC}") = "SistemaVenta.WebApp", "SistemaVenta.WebApp\SistemaVenta.WebApp.csproj", "{B8CD36D2-EF08-4876-9883-6E74BEB94FCF}"
EndProject
Global
	GlobalSection(SolutionConfigurationPlatforms) = preSolution
		Debug|Any CPU = Debug|Any CPU
		Release|Any CPU = Release|Any CPU
	EndGlobalSection
	GlobalSection(ProjectConfigurationPlatforms) = postSolution
		{1791D59D-924B-4848-8089-4560B99AE380}.Debug|Any CPU.ActiveCfg = Debug|Any CPU
		{1791D59D-924B-4848-8089-4560B99AE380}.Debug|Any CPU.Build.0 = Debug|Any CPU
		{1791D59D-924B-4848-8089-4560B99AE380}.Release|Any CPU.ActiveCfg = Release|Any CPU
		{1791D59D-924B-4848-8089-4560B99AE380}.Release|Any CPU.Build.0 = Release|Any CPU
		{2AB73145-3A4D-4EFE-8B82-E95C0DC1D975}.Debug|Any CPU.ActiveCfg = Debug|Any CPU
		{2AB73145-3A4D-4EFE-8B82-E95C0DC1D975}.Debug|Any CPU.Build.0 = Debug|Any CPU
		{2AB73145-3A4D-4EFE-8B82-E95C0DC1D975}.Release|Any CPU.ActiveCfg = Release|Any CPU
		{2AB73145-3A4D-4EFE-8B82-E95C0DC1D975}.Release|Any CPU.Build.0 = Release|Any CPU
		{107A4E2F-22DF-4C5A-89A5-72C4E1A436AF}.Debug|Any CPU.ActiveCfg = Debug|Any CPU
		{107A4E2F-22DF-4C5A-89A5-72C4E1A436AF}.Debug|Any CPU.Build.0 = Debug|Any CPU
		{107A4E2F-22DF-4C5A-89A5-72C4E1A436AF}.Release|Any CPU.ActiveCfg = Release|Any CPU
		{107A4E2F-22DF-4C5A-89A5-72C4E1A436AF}.Release|Any CPU.Build.0 = Release|Any CPU
		{0A42987F-B70F-4A2D-87FD-8BA6DC6B1DFE}.Debug|Any CPU.ActiveCfg = Debug|Any CPU
		{0A42987F-B70F-4A2D-87FD-8BA6DC6B1DFE}.Debug|Any CPU.Build.0 = Debug|Any CPU
		{0A42987F-B70F-4A2D-87FD-8BA6DC6B1DFE}.Release|Any CPU.ActiveCfg = Release|Any CPU
		{0A42987F-B70F-4A2D-87FD-8BA6DC6B1DFE}.Release|Any CPU.Build.0 = Release|Any CPU
		{B8CD36D2-EF08-4876-9883-6E74BEB94FCF}.Debug|Any CPU.ActiveCfg = Debug|Any CPU
		{B8CD36D2-EF08-4876-9883-6E74BEB94FCF}.Debug|Any CPU.Build.0 = Debug|Any CPU
		{B8CD36D2-EF08-4876-9883-6E74BEB94FCF}.Release|Any CPU.ActiveCfg = Release|Any CPU
		{B8CD36D2-EF08-4876-9883-6E74BEB94FCF}.Release|Any CPU.Build.0 = Release|Any CPU
	EndGlobalSection
	GlobalSection(SolutionProperties) = preSolution
		HideSolutionNode = FALSE
	EndGlobalSection
	GlobalSection(ExtensibilityGlobals) = postSolution
		SolutionGuid = {3D0FD83C-E4C6-42C8-9906-FE772ECAFEC0}
	EndGlobalSection
EndGlobal
